
Microsoft Visual Studio Solution File, Format Version 12.00
#
Project("{FAE04EC0-301F-11D3-BF4B-00C04F79EFBC}") = "AutoStaticsCleanup", "AutoStaticsCleanup\AutoStaticsCleanup.csproj", "{48087390-7C75-461E-ABB6-8C4634354B7B}"
EndProject
Project("{FAE04EC0-301F-11D3-BF4B-00C04F79EFBC}") = "AutoStaticsCleanup.Tests", "AutoStaticsCleanup.Tests\AutoStaticsCleanup.Tests.csproj", "{FB67343D-E920-4A62-ACDA-CAE54F4C6C42}"
EndProject
Project("{FAE04EC0-301F-11D3-BF4B-00C04F79EFBC}") = "AutoStaticsCleanup.Benchmarks", "AutoStaticsCleanup.Benchmarks\AutoStaticsCleanup.Benchmarks.csproj", "{ED613F07-EFCC-4926-8DDD-4E286F54E6A4}"
EndProject
Global
	GlobalSection(SolutionConfigurationPlatforms) = preSolution
		Debug|Any CPU = Debug|Any CPU
		Release|Any CPU = Release|Any CPU
	EndGlobalSection
	GlobalSection(ProjectConfigurationPlatforms) = postSolution
		{48087390-7C75-461E-ABB6-8C4634354B7B}.Debug|Any CPU.ActiveCfg = Debug|Any CPU
		{48087390-7C75-461E-ABB6-8C4634354B7B}.Debug|Any CPU.Build.0 = Debug|Any CPU
		{48087390-7C75-461E-ABB6-8C4634354B7B}.Release|Any CPU.ActiveCfg = Release|Any CPU
		{48087390-7C75-461E-ABB6-8C4634354B7B}.Release|Any CPU.Build.0 = Release|Any CPU
		{FB67343D-E920-4A62-ACDA-CAE54F4C6C42}.Debug|Any CPU.ActiveCfg = Debug|Any CPU
		{FB67343D-E920-4A62-ACDA-CAE54F4C6C42}.Release|Any CPU.ActiveCfg = Release|Any CPU
		{FB67343D-E920-4A62-ACDA-CAE54F4C6C42}.Debug|Any CPU.Build.0 = Debug|Any CPU
		{FB67343D-E920-4A62-ACDA-CAE54F4C6C42}.Release|Any CPU.Build.0 = Release|Any CPU
		{ED613F07-EFCC-4926-8DDD-4E286F54E6A4}.Debug|Any CPU.ActiveCfg = Debug|Any CPU
		{ED613F07-EFCC-4926-8DDD-4E286F54E6A4}.Release|Any CPU.ActiveCfg = Release|Any CPU
		{ED613F07-EFCC-4926-8DDD-4E286F54E6A4}.Debug|Any CPU.Build.0 = Debug|Any CPU
		{ED613F07-EFCC-4926-8DDD-4E286F54E6A4}.Release|Any CPU.Build.0 = Release|Any CPU
	EndGlobalSection
EndGlobal
